
Microsoft Visual Studio Solution File, Format Version 12.00
# Visual Studio Version 17
VisualStudioVersion = 17.5.002.0
MinimumVisualStudioVersion = 10.0.40219.1
Project("{9A19103F-16F7-4668-BE54-9A1E7A4F7556}") = "multiplesof3or5", "multiplesof3or5.csproj", "{A903AFE3-7DC0-4C82-8AFF-5E340C44BEC4}"
EndProject
Global
	GlobalSection(SolutionConfigurationPlatforms) = preSolution
		Debug|Any CPU = Debug|Any CPU
		Release|Any CPU = Release|Any CPU
	EndGlobalSection
	GlobalSection(ProjectConfigurationPlatforms) = postSolution
		{A903AFE3-7DC0-4C82-8AFF-5E340C44BEC4}.Debug|Any CPU.ActiveCfg = Debug|Any CPU
		{A903AFE3-7DC0-4C82-8AFF-5E340C44BEC4}.Debug|Any CPU.Build.0 = Debug|Any CPU
		{A903AFE3-7DC0-4C82-8AFF-5E340C44BEC4}.Release|Any CPU.ActiveCfg = Release|Any CPU
		{A903AFE3-7DC0-4C82-8AFF-5E340C44BEC4}.Release|Any CPU.Build.0 = Release|Any CPU
	EndGlobalSection
	GlobalSection(SolutionProperties) = preSolution
		HideSolutionNode = FALSE
	EndGlobalSection
	GlobalSection(ExtensibilityGlobals) = postSolution
		SolutionGuid = {0B7A1EBC-0606-4159-8754-88085B2DB9EB}
	EndGlobalSection
EndGlobal
